// !$*UTF8*$!
{
	archiveVersion = 1;
	classes = {
	};
	objectVersion = 46;
	objects = {

/* Begin PBXBuildFile section */
		043307E81AEE6D84008128C0 /* AppDelegate.swift in Sources */ = {isa = PBXBuildFile; fileRef = 043307E71AEE6D84008128C0 /* AppDelegate.swift */; };
		043307EA1AEE6D84008128C0 /* ViewController.swift in Sources */ = {isa = PBXBuildFile; fileRef = 043307E91AEE6D84008128C0 /* ViewController.swift */; };
		043307ED1AEE6D84008128C0 /* Main.storyboard in Resources */ = {isa = PBXBuildFile; fileRef = 043307EB1AEE6D84008128C0 /* Main.storyboard */; };
		043307EF1AEE6D84008128C0 /* Images.xcassets in Resources */ = {isa = PBXBuildFile; fileRef = 043307EE1AEE6D84008128C0 /* Images.xcassets */; };
		043307F21AEE6D84008128C0 /* LaunchScreen.xib in Resources */ = {isa = PBXBuildFile; fileRef = 043307F01AEE6D84008128C0 /* LaunchScreen.xib */; };
		043307FE1AEE6D84008128C0 /* TVtestTests.swift in Sources */ = {isa = PBXBuildFile; fileRef = 043307FD1AEE6D84008128C0 /* TVtestTests.swift */; };
		043308081AEE71CC008128C0 /* SampleView.swift in Sources */ = {isa = PBXBuildFile; fileRef = 043308071AEE71CC008128C0 /* SampleView.swift */; };
		0433080A1AEE9586008128C0 /* QuartzCore.framework in Frameworks */ = {isa = PBXBuildFile; fileRef = 043308091AEE9586008128C0 /* QuartzCore.framework */; };
/* End PBXBuildFile section */

/* Begin PBXContainerItemProxy section */
		043307F81AEE6D84008128C0 /* PBXContainerItemProxy */ = {
			isa = PBXContainerItemProxy;
			containerPortal = 043307DA1AEE6D84008128C0 /* Project object */;
			proxyType = 1;
			remoteGlobalIDString = 043307E11AEE6D84008128C0;
			remoteInfo = TVtest;
		};
/* End PBXContainerItemProxy section */

/* Begin PBXFileReference section */
		043307E21AEE6D84008128C0 /* TVtest.app */ = {isa = PBXFileReference; explicitFileType = wrapper.application; includeInIndex = 0; path = TVtest.app; sourceTree = BUILT_PRODUCTS_DIR; };
		043307E61AEE6D84008128C0 /* Info.plist */ = {isa = PBXFileReference; lastKnownFileType = text.plist.xml; path = Info.plist; sourceTree = "<group>"; };
		043307E71AEE6D84008128C0 /* AppDelegate.swift */ = {isa = PBXFileReference; lastKnownFileType = sourcecode.swift; path = AppDelegate.swift; sourceTree = "<group>"; };
		043307E91AEE6D84008128C0 /* ViewController.swift */ = {isa = PBXFileReference; lastKnownFileType = sourcecode.swift; path = ViewController.swift; sourceTree = "<group>"; };
		043307EC1AEE6D84008128C0 /* Base */ = {isa = PBXFileReference; lastKnownFileType = file.storyboard; name = Base; path = Base.lproj/Main.storyboard; sourceTree = "<group>"; };
		043307EE1AEE6D84008128C0 /* Images.xcassets */ = {isa = PBXFileReference; lastKnownFileType = folder.assetcatalog; path = Images.xcassets; sourceTree = "<group>"; };
		043307F11AEE6D84008128C0 /* Base */ = {isa = PBXFileReference; lastKnownFileType = file.xib; name = Base; path = Base.lproj/LaunchScreen.xib; sourceTree = "<group>"; };
		043307F71AEE6D84008128C0 /* TVtestTests.xctest */ = {isa = PBXFileReference; explicitFileType = wrapper.cfbundle; includeInIndex = 0; path = TVtestTests.xctest; sourceTree = BUILT_PRODUCTS_DIR; };
		043307FC1AEE6D84008128C0 /* Info.plist */ = {isa = PBXFileReference; lastKnownFileType = text.plist.xml; path = Info.plist; sourceTree = "<group>"; };
		043307FD1AEE6D84008128C0 /* TVtestTests.swift */ = {isa = PBXFileReference; lastKnownFileType = sourcecode.swift; path = TVtestTests.swift; sourceTree = "<group>"; };
		043308071AEE71CC008128C0 /* SampleView.swift */ = {isa = PBXFileReference; fileEncoding = 4; lastKnownFileType = sourcecode.swift; path = SampleView.swift; sourceTree = "<group>"; };
		043308091AEE9586008128C0 /* QuartzCore.framework */ = {isa = PBXFileReference; lastKnownFileType = wrapper.framework; name = QuartzCore.framework; path = System/Library/Frameworks/QuartzCore.framework; sourceTree = SDKROOT; };
/* End PBXFileReference section */

/* Begin PBXFrameworksBuildPhase section */
		043307DF1AEE6D84008128C0 /* Frameworks */ = {
			isa = PBXFrameworksBuildPhase;
			buildActionMask = 2147483647;
			files = (
				0433080A1AEE9586008128C0 /* QuartzCore.framework in Frameworks */,
			);
			runOnlyForDeploymentPostprocessing = 0;
		};
		043307F41AEE6D84008128C0 /* Frameworks */ = {
			isa = PBXFrameworksBuildPhase;
			buildActionMask = 2147483647;
			files = (
			);
			runOnlyForDeploymentPostprocessing = 0;
		};
/* End PBXFrameworksBuildPhase section */

/* Begin PBXGroup section */
		043307D91AEE6D84008128C0 = {
			isa = PBXGroup;
			children = (
				043308091AEE9586008128C0 /* QuartzCore.framework */,
				043307E41AEE6D84008128C0 /* TVtest */,
				043307FA1AEE6D84008128C0 /* TVtestTests */,
				043307E31AEE6D84008128C0 /* Products */,
			);
			sourceTree = "<group>";
		};
		043307E31AEE6D84008128C0 /* Products */ = {
			isa = PBXGroup;
			children = (
				043307E21AEE6D84008128C0 /* TVtest.app */,
				043307F71AEE6D84008128C0 /* TVtestTests.xctest */,
			);
			name = Products;
			sourceTree = "<group>";
		};
		043307E41AEE6D84008128C0 /* TVtest */ = {
			isa = PBXGroup;
			children = (
				043307E71AEE6D84008128C0 /* AppDelegate.swift */,
				043307E91AEE6D84008128C0 /* ViewController.swift */,
				043308071AEE71CC008128C0 /* SampleView.swift */,
				043307EB1AEE6D84008128C0 /* Main.storyboard */,
				043307EE1AEE6D84008128C0 /* Images.xcassets */,
				043307F01AEE6D84008128C0 /* LaunchScreen.xib */,
				043307E51AEE6D84008128C0 /* Supporting Files */,
			);
			path = TVtest;
			sourceTree = "<group>";
		};
		043307E51AEE6D84008128C0 /* Supporting Files */ = {
			isa = PBXGroup;
			children = (
				043307E61AEE6D84008128C0 /* Info.plist */,
			);
			name = "Supporting Files";
			sourceTree = "<group>";
		};
		043307FA1AEE6D84008128C0 /* TVtestTests */ = {
			isa = PBXGroup;
			children = (
				043307FD1AEE6D84008128C0 /* TVtestTests.swift */,
				043307FB1AEE6D84008128C0 /* Supporting Files */,
			);
			path = TVtestTests;
			sourceTree = "<group>";
		};
		043307FB1AEE6D84008128C0 /* Supporting Files */ = {
			isa = PBXGroup;
			children = (
				043307FC1AEE6D84008128C0 /* Info.plist */,
			);
			name = "Supporting Files";
			sourceTree = "<group>";
		};
/* End PBXGroup section */

/* Begin PBXNativeTarget section */
		043307E11AEE6D84008128C0 /* TVtest */ = {
			isa = PBXNativeTarget;
			buildConfigurationList = 043308011AEE6D84008128C0 /* Build configuration list for PBXNativeTarget "TVtest" */;
			buildPhases = (
				043307DE1AEE6D84008128C0 /* Sources */,
				043307DF1AEE6D84008128C0 /* Frameworks */,
				043307E01AEE6D84008128C0 /* Resources */,
			);
			buildRules = (
			);
			dependencies = (
			);
			name = TVtest;
			productName = TVtest;
			productReference = 043307E21AEE6D84008128C0 /* TVtest.app */;
			productType = "com.apple.product-type.application";
		};
		043307F61AEE6D84008128C0 /* TVtestTests */ = {
			isa = PBXNativeTarget;
			buildConfigurationList = 043308041AEE6D84008128C0 /* Build configuration list for PBXNativeTarget "TVtestTests" */;
			buildPhases = (
				043307F31AEE6D84008128C0 /* Sources */,
				043307F41AEE6D84008128C0 /* Frameworks */,
				043307F51AEE6D84008128C0 /* Resources */,
			);
			buildRules = (
			);
			dependencies = (
				043307F91AEE6D84008128C0 /* PBXTargetDependency */,
			);
			name = TVtestTests;
			productName = TVtestTests;
			productReference = 043307F71AEE6D84008128C0 /* TVtestTests.xctest */;
			productType = "com.apple.product-type.bundle.unit-test";
		};
/* End PBXNativeTarget section */

/* Begin PBXProject section */
		043307DA1AEE6D84008128C0 /* Project object */ = {
			isa = PBXProject;
			attributes = {
				LastUpgradeCheck = 0630;
				ORGANIZATIONNAME = macbook;
				TargetAttributes = {
					043307E11AEE6D84008128C0 = {
						CreatedOnToolsVersion = 6.3;
					};
					043307F61AEE6D84008128C0 = {
						CreatedOnToolsVersion = 6.3;
						TestTargetID = 043307E11AEE6D84008128C0;
					};
				};
			};
			buildConfigurationList = 043307DD1AEE6D84008128C0 /* Build configuration list for PBXProject "TVtest" */;
			compatibilityVersion = "Xcode 3.2";
			developmentRegion = English;
			hasScannedForEncodings = 0;
			knownRegions = (
				en,
				Base,
			);
			mainGroup = 043307D91AEE6D84008128C0;
			productRefGroup = 043307E31AEE6D84008128C0 /* Products */;
			projectDirPath = "";
			projectRoot = "";
			targets = (
				043307E11AEE6D84008128C0 /* TVtest */,
				043307F61AEE6D84008128C0 /* TVtestTests */,
			);
		};
/* End PBXProject section */

/* Begin PBXResourcesBuildPhase section */
		043307E01AEE6D84008128C0 /* Resources */ = {
			isa = PBXResourcesBuildPhase;
			buildActionMask = 2147483647;
			files = (
				043307ED1AEE6D84008128C0 /* Main.storyboard in Resources */,
				043307F21AEE6D84008128C0 /* LaunchScreen.xib in Resources */,
				043307EF1AEE6D84008128C0 /* Images.xcassets in Resources */,
			);
			runOnlyForDeploymentPostprocessing = 0;
		};
		043307F51AEE6D84008128C0 /* Resources */ = {
			isa = PBXResourcesBuildPhase;
			buildActionMask = 2147483647;
			files = (
			);
			runOnlyForDeploymentPostprocessing = 0;
		};
/* End PBXResourcesBuildPhase section */

/* Begin PBXSourcesBuildPhase section */
		043307DE1AEE6D84008128C0 /* Sources */ = {
			isa = PBXSourcesBuildPhase;
			buildActionMask = 2147483647;
			files = (
				043307EA1AEE6D84008128C0 /* ViewController.swift in Sources */,
				043308081AEE71CC008128C0 /* SampleView.swift in Sources */,
				043307E81AEE6D84008128C0 /* AppDelegate.swift in Sources */,
			);
			runOnlyForDeploymentPostprocessing = 0;
		};
		043307F31AEE6D84008128C0 /* Sources */ = {
			isa = PBXSourcesBuildPhase;
			buildActionMask = 2147483647;
			files = (
				043307FE1AEE6D84008128C0 /* TVtestTests.swift in Sources */,
			);
			runOnlyForDeploymentPostprocessing = 0;
		};
/* End PBXSourcesBuildPhase section */

/* Begin PBXTargetDependency section */
		043307F91AEE6D84008128C0 /* PBXTargetDependency */ = {
			isa = PBXTargetDependency;
			target = 043307E11AEE6D84008128C0 /* TVtest */;
			targetProxy = 043307F81AEE6D84008128C0 /* PBXContainerItemProxy */;
		};
/* End PBXTargetDependency section */

/* Begin PBXVariantGroup section */
		043307EB1AEE6D84008128C0 /* Main.storyboard */ = {
			isa = PBXVariantGroup;
			children = (
				043307EC1AEE6D84008128C0 /* Base */,
			);
			name = Main.storyboard;
			sourceTree = "<group>";
		};
		043307F01AEE6D84008128C0 /* LaunchScreen.xib */ = {
			isa = PBXVariantGroup;
			children = (
				043307F11AEE6D84008128C0 /* Base */,
			);
			name = LaunchScreen.xib;
			sourceTree = "<group>";
		};
/* End PBXVariantGroup section */

/* Begin XCBuildConfiguration section */
		043307FF1AEE6D84008128C0 /* Debug */ = {
			isa = XCBuildConfiguration;
			buildSettings = {
				ALWAYS_SEARCH_USER_PATHS = NO;
				CLANG_CXX_LANGUAGE_STANDARD = "gnu++0x";
				CLANG_CXX_LIBRARY = "libc++";
				CLANG_ENABLE_MODULES = YES;
				CLANG_ENABLE_OBJC_ARC = YES;
				CLANG_WARN_BOOL_CONVERSION = YES;
				CLANG_WARN_CONSTANT_CONVERSION = YES;
				CLANG_WARN_DIRECT_OBJC_ISA_USAGE = YES_ERROR;
				CLANG_WARN_EMPTY_BODY = YES;
				CLANG_WARN_ENUM_CONVERSION = YES;
				CLANG_WARN_INT_CONVERSION = YES;
				CLANG_WARN_OBJC_ROOT_CLASS = YES_ERROR;
				CLANG_WARN_UNREACHABLE_CODE = YES;
				CLANG_WARN__DUPLICATE_METHOD_MATCH = YES;
				"CODE_SIGN_IDENTITY[sdk=iphoneos*]" = "iPhone Developer";
				COPY_PHASE_STRIP = NO;
				DEBUG_INFORMATION_FORMAT = "dwarf-with-dsym";
				ENABLE_STRICT_OBJC_MSGSEND = YES;
				GCC_C_LANGUAGE_STANDARD = gnu99;
				GCC_DYNAMIC_NO_PIC = NO;
				GCC_NO_COMMON_BLOCKS = YES;
				GCC_OPTIMIZATION_LEVEL = 0;
				GCC_PREPROCESSOR_DEFINITIONS = (
					"DEBUG=1",
					"$(inherited)",
				);
				GCC_SYMBOLS_PRIVATE_EXTERN = NO;
				GCC_WARN_64_TO_32_BIT_CONVERSION = YES;
				GCC_WARN_ABOUT_RETURN_TYPE = YES_ERROR;
				GCC_WARN_UNDECLARED_SELECTOR = YES;
				GCC_WARN_UNINITIALIZED_AUTOS = YES_AGGRESSIVE;
				GCC_WARN_UNUSED_FUNCTION = YES;
				GCC_WARN_UNUSED_VARIABLE = YES;
				IPHONEOS_DEPLOYMENT_TARGET = 8.3;
				MTL_ENABLE_DEBUG_INFO = YES;
				ONLY_ACTIVE_ARCH = YES;
				SDKROOT = iphoneos;
				SWIFT_OPTIMIZATION_LEVEL = "-Onone";
			};
			name = Debug;
		};
		043308001AEE6D84008128C0 /* Release */ = {
			isa = XCBuildConfiguration;
			buildSettings = {
				ALWAYS_SEARCH_USER_PATHS = NO;
				CLANG_CXX_LANGUAGE_STANDARD = "gnu++0x";
				CLANG_CXX_LIBRARY = "libc++";
				CLANG_ENABLE_MODULES = YES;
				CLANG_ENABLE_OBJC_ARC = YES;
				CLANG_WARN_BOOL_CONVERSION = YES;
				CLANG_WARN_CONSTANT_CONVERSION = YES;
				CLANG_WARN_DIRECT_OBJC_ISA_USAGE = YES_ERROR;
				CLANG_WARN_EMPTY_BODY = YES;
				CLANG_WARN_ENUM_CONVERSION = YES;
				CLANG_WARN_INT_CONVERSION = YES;
				CLANG_WARN_OBJC_ROOT_CLASS = YES_ERROR;
				CLANG_WARN_UNREACHABLE_CODE = YES;
				CLANG_WARN__DUPLICATE_METHOD_MATCH = YES;
				"CODE_SIGN_IDENTITY[sdk=iphoneos*]" = "iPhone Developer";
				COPY_PHASE_STRIP = NO;
				DEBUG_INFORMATION_FORMAT = "dwarf-with-dsym";
				ENABLE_NS_ASSERTIONS = NO;
				ENABLE_STRICT_OBJC_MSGSEND = YES;
				GCC_C_LANGUAGE_STANDARD = gnu99;
				GCC_NO_COMMON_BLOCKS = YES;
				GCC_WARN_64_TO_32_BIT_CONVERSION = YES;
				GCC_WARN_ABOUT_RETURN_TYPE = YES_ERROR;
				GCC_WARN_UNDECLARED_SELECTOR = YES;
				GCC_WARN_UNINITIALIZED_AUTOS = YES_AGGRESSIVE;
				GCC_WARN_UNUSED_FUNCTION = YES;
				GCC_WARN_UNUSED_VARIABLE = YES;
				IPHONEOS_DEPLOYMENT_TARGET = 8.3;
				MTL_ENABLE_DEBUG_INFO = NO;
				SDKROOT = iphoneos;
				VALIDATE_PRODUCT = YES;
			};
			name = Release;
		};
		043308021AEE6D84008128C0 /* Debug */ = {
			isa = XCBuildConfiguration;
			buildSettings = {
				ASSETCATALOG_COMPILER_APPICON_NAME = AppIcon;
				INFOPLIST_FILE = TVtest/Info.plist;
				LD_RUNPATH_SEARCH_PATHS = "$(inherited) @executable_path/Frameworks";
				PRODUCT_NAME = "$(TARGET_NAME)";
			};
			name = Debug;
		};
		043308031AEE6D84008128C0 /* Release */ = {
			isa = XCBuildConfiguration;
			buildSettings = {
				ASSETCATALOG_COMPILER_APPICON_NAME = AppIcon;
				INFOPLIST_FILE = TVtest/Info.plist;
				LD_RUNPATH_SEARCH_PATHS = "$(inherited) @executable_path/Frameworks";
				PRODUCT_NAME = "$(TARGET_NAME)";
			};
			name = Release;
		};
		043308051AEE6D84008128C0 /* Debug */ = {
			isa = XCBuildConfiguration;
			buildSettings = {
				BUNDLE_LOADER = "$(TEST_HOST)";
				FRAMEWORK_SEARCH_PATHS = (
					"$(SDKROOT)/Developer/Library/Frameworks",
					"$(inherited)",
				);
				GCC_PREPROCESSOR_DEFINITIONS = (
					"DEBUG=1",
					"$(inherited)",
				);
				INFOPLIST_FILE = TVtestTests/Info.plist;
				LD_RUNPATH_SEARCH_PATHS = "$(inherited) @executable_path/Frameworks @loader_path/Frameworks";
				PRODUCT_NAME = "$(TARGET_NAME)";
				TEST_HOST = "$(BUILT_PRODUCTS_DIR)/TVtest.app/TVtest";
			};
			name = Debug;
		};
		043308061AEE6D84008128C0 /* Release */ = {
			isa = XCBuildConfiguration;
			buildSettings = {
				BUNDLE_LOADER = "$(TEST_HOST)";
				FRAMEWORK_SEARCH_PATHS = (
					"$(SDKROOT)/Developer/Library/Frameworks",
					"$(inherited)",
				);
				INFOPLIST_FILE = TVtestTests/Info.plist;
				LD_RUNPATH_SEARCH_PATHS = "$(inherited) @executable_path/Frameworks @loader_path/Frameworks";
				PRODUCT_NAME = "$(TARGET_NAME)";
				TEST_HOST = "$(BUILT_PRODUCTS_DIR)/TVtest.app/TVtest";
			};
			name = Release;
		};
/* End XCBuildConfiguration section */

/* Begin XCConfigurationList section */
		043307DD1AEE6D84008128C0 /* Build configuration list for PBXProject "TVtest" */ = {
			isa = XCConfigurationList;
			buildConfigurations = (
				043307FF1AEE6D84008128C0 /* Debug */,
				043308001AEE6D84008128C0 /* Release */,
			);
			defaultConfigurationIsVisible = 0;
			defaultConfigurationName = Release;
		};
		043308011AEE6D84008128C0 /* Build configuration list for PBXNativeTarget "TVtest" */ = {
			isa = XCConfigurationList;
			buildConfigurations = (
				043308021AEE6D84008128C0 /* Debug */,
				043308031AEE6D84008128C0 /* Release */,
			);
			defaultConfigurationIsVisible = 0;
		};
		043308041AEE6D84008128C0 /* Build configuration list for PBXNativeTarget "TVtestTests" */ = {
			isa = XCConfigurationList;
			buildConfigurations = (
				043308051AEE6D84008128C0 /* Debug */,
				043308061AEE6D84008128C0 /* Release */,
			);
			defaultConfigurationIsVisible = 0;
		};
/* End XCConfigurationList section */
	};
	rootObject = 043307DA1AEE6D84008128C0 /* Project object */;
}
